# THIS IS AN AUTOGENERATED FILE. DO NOT EDIT THIS FILE DIRECTLY.
# yarn lockfile v1


jsmidgen@~0.1.4:
  version "0.1.5"
  resolved "https://registry.yarnpkg.com/jsmidgen/-/jsmidgen-0.1.5.tgz#ad0afd6375eb12f51064025393ce3baec380585d"

scribbletune@^0.11.0:
  version "0.11.0"
  resolved "https://registry.yarnpkg.com/scribbletune/-/scribbletune-0.11.0.tgz#a9b54919d7c5e26247a09f6301ddb51e81de97e5"
  dependencies:
    jsmidgen "~0.1.4"
